{
  "originHash" : "f8092556a2762b81a44e407df946f4d3350a12eb2df9e6428f7d9b780b074c3e",
  "pins" : [
    {
      "identity" : "macactor",
      "kind" : "remoteSourceControl",
      "location" : "https://github.com/leviouwendijk/MacActor.git",
      "state" : {
        "branch" : "master",
        "revision" : "2dce4d644c14814a5e1c86e61c53a47fe2426bef"
      }
    },
    {
      "identity" : "plate",
      "kind" : "remoteSourceControl",
      "location" : "https://github.com/leviouwendijk/plate.git",
      "state" : {
        "branch" : "master",
        "revision" : "92097e8937a71520ae5bb7c0d3c158104263d73f"
      }
    },
    {
      "identity" : "swift-argument-parser",
      "kind" : "remoteSourceControl",
      "location" : "https://github.com/apple/swift-argument-parser.git",
      "state" : {
        "revision" : "309a47b2b1d9b5e991f36961c983ecec72275be3",
        "version" : "1.6.1"
      }
    }
  ],
  "version" : 3
}
