{
  "originHash" : "1661b4f4939c3e1ae1a4fc4b64325cfefa9ce775eb44b4ac3f3ebe35f438e86b",
  "pins" : [
    {
      "identity" : "plate",
      "kind" : "remoteSourceControl",
      "location" : "https://github.com/leviouwendijk/plate.git",
      "state" : {
        "revision" : "d7a6de810e83256f88f9ab029119a4d195c846a5",
        "version" : "1.1.11"
      }
    },
    {
      "identity" : "swift-argument-parser",
      "kind" : "remoteSourceControl",
      "location" : "https://github.com/apple/swift-argument-parser.git",
      "state" : {
        "revision" : "41982a3656a71c768319979febd796c6fd111d5c",
        "version" : "1.5.0"
      }
    }
  ],
  "version" : 3
}
